# This file is generated by running "yarn install" inside your project.
# Manual changes might be lost - proceed with caution!

__metadata:
  version: 8
  cacheKey: 10c0

"@techtrain/cli-railway@npm:0.1.3":
  version: 0.1.3
  resolution: "@techtrain/cli-railway@npm:0.1.3"
  bin:
    techtrain-railway: bin/techtrain-railway
  checksum: fb89e2564e8e19890cee318e81094670814731cb777f5c4fb109d89f9eb1f8b5532da056b1015680c4d262c7a67159ead9e6a6d8419aaf1faeb5a60303b18703
  languageName: node
  linkType: hard

"go-stations@workspace:.":
  version: 0.0.0-use.local
  resolution: "go-stations@workspace:."
  dependencies:
    "@techtrain/cli-railway": "npm:0.1.3"
    simple-git-hooks: "npm:^2.5.1"
  languageName: unknown
  linkType: soft

"simple-git-hooks@npm:^2.5.1":
  version: 2.5.1
  resolution: "simple-git-hooks@npm:2.5.1"
  bin:
    simple-git-hooks: cli.js
  checksum: 89e0553693faba5ad1dd25e4ab82e387f5f1dbf82bc000d5fc3429b6136a19d4180d974a94a2e971ded526eae632b97e2d550af25aceb7bbb319019383c9dfa3
  languageName: node
  linkType: hard
